
Microsoft Visual Studio Solution File, Format Version 12.00
Project("{FAE04EC0-301F-11D3-BF4B-00C04F79EFBC}") = "redis.pub", "redis.pub\redis.pub.csproj", "{187AA259-55EB-43A6-8E4D-C2626AE1DE7A}"
EndProject
Project("{FAE04EC0-301F-11D3-BF4B-00C04F79EFBC}") = "redis.sub", "redis.sub\redis.sub.csproj", "{BB64551D-9550-41E9-B9DE-0A9351503CE5}"
EndProject
Project("{FAE04EC0-301F-11D3-BF4B-00C04F79EFBC}") = "redis.lib", "redis.lib\redis.lib.csproj", "{B6719EBC-BC2B-4ACC-9D10-11AD1747634B}"
EndProject
Global
	GlobalSection(SolutionConfigurationPlatforms) = preSolution
		Debug|Any CPU = Debug|Any CPU
		Release|Any CPU = Release|Any CPU
	EndGlobalSection
	GlobalSection(ProjectConfigurationPlatforms) = postSolution
		{187AA259-55EB-43A6-8E4D-C2626AE1DE7A}.Debug|Any CPU.ActiveCfg = Debug|Any CPU
		{187AA259-55EB-43A6-8E4D-C2626AE1DE7A}.Debug|Any CPU.Build.0 = Debug|Any CPU
		{187AA259-55EB-43A6-8E4D-C2626AE1DE7A}.Release|Any CPU.ActiveCfg = Release|Any CPU
		{187AA259-55EB-43A6-8E4D-C2626AE1DE7A}.Release|Any CPU.Build.0 = Release|Any CPU
		{BB64551D-9550-41E9-B9DE-0A9351503CE5}.Debug|Any CPU.ActiveCfg = Debug|Any CPU
		{BB64551D-9550-41E9-B9DE-0A9351503CE5}.Debug|Any CPU.Build.0 = Debug|Any CPU
		{BB64551D-9550-41E9-B9DE-0A9351503CE5}.Release|Any CPU.ActiveCfg = Release|Any CPU
		{BB64551D-9550-41E9-B9DE-0A9351503CE5}.Release|Any CPU.Build.0 = Release|Any CPU
		{B6719EBC-BC2B-4ACC-9D10-11AD1747634B}.Debug|Any CPU.ActiveCfg = Debug|Any CPU
		{B6719EBC-BC2B-4ACC-9D10-11AD1747634B}.Debug|Any CPU.Build.0 = Debug|Any CPU
		{B6719EBC-BC2B-4ACC-9D10-11AD1747634B}.Release|Any CPU.ActiveCfg = Release|Any CPU
		{B6719EBC-BC2B-4ACC-9D10-11AD1747634B}.Release|Any CPU.Build.0 = Release|Any CPU
	EndGlobalSection
EndGlobal
